
Microsoft Visual Studio Solution File, Format Version 12.00
# Visual Studio 2013
VisualStudioVersion = 12.0.30501.0
MinimumVisualStudioVersion = 10.0.40219.1
Project("{FAE04EC0-301F-11D3-BF4B-00C04F79EFBC}") = "MessageBusV1Test", "MessageBusV1Test\MessageBusV1Test.csproj", "{C7D450E5-08B3-4831-8383-BA5AB06E7FA5}"
EndProject
Project("{FAE04EC0-301F-11D3-BF4B-00C04F79EFBC}") = "MessageBusV2Test", "MessageBusV2Test\MessageBusV2Test.csproj", "{2BB21067-79FB-4D02-9036-8470614FAA83}"
EndProject
Project("{FAE04EC0-301F-11D3-BF4B-00C04F79EFBC}") = "Scaffolding", "Scaffolding\Scaffolding.csproj", "{6C1DDF84-9FB8-4D8F-BA34-8B62A57131A4}"
EndProject
Global
	GlobalSection(SolutionConfigurationPlatforms) = preSolution
		Debug|Any CPU = Debug|Any CPU
		Release|Any CPU = Release|Any CPU
	EndGlobalSection
	GlobalSection(ProjectConfigurationPlatforms) = postSolution
		{C7D450E5-08B3-4831-8383-BA5AB06E7FA5}.Debug|Any CPU.ActiveCfg = Debug|Any CPU
		{C7D450E5-08B3-4831-8383-BA5AB06E7FA5}.Debug|Any CPU.Build.0 = Debug|Any CPU
		{C7D450E5-08B3-4831-8383-BA5AB06E7FA5}.Release|Any CPU.ActiveCfg = Release|Any CPU
		{C7D450E5-08B3-4831-8383-BA5AB06E7FA5}.Release|Any CPU.Build.0 = Release|Any CPU
		{2BB21067-79FB-4D02-9036-8470614FAA83}.Debug|Any CPU.ActiveCfg = Debug|Any CPU
		{2BB21067-79FB-4D02-9036-8470614FAA83}.Debug|Any CPU.Build.0 = Debug|Any CPU
		{2BB21067-79FB-4D02-9036-8470614FAA83}.Release|Any CPU.ActiveCfg = Release|Any CPU
		{2BB21067-79FB-4D02-9036-8470614FAA83}.Release|Any CPU.Build.0 = Release|Any CPU
		{6C1DDF84-9FB8-4D8F-BA34-8B62A57131A4}.Debug|Any CPU.ActiveCfg = Debug|Any CPU
		{6C1DDF84-9FB8-4D8F-BA34-8B62A57131A4}.Debug|Any CPU.Build.0 = Debug|Any CPU
		{6C1DDF84-9FB8-4D8F-BA34-8B62A57131A4}.Release|Any CPU.ActiveCfg = Release|Any CPU
		{6C1DDF84-9FB8-4D8F-BA34-8B62A57131A4}.Release|Any CPU.Build.0 = Release|Any CPU
	EndGlobalSection
	GlobalSection(SolutionProperties) = preSolution
		HideSolutionNode = FALSE
	EndGlobalSection
EndGlobal
